// !$*UTF8*$!
{
	archiveVersion = 1;
	classes = {
	};
	objectVersion = 46;
	objects = {

/* Begin PBXBuildFile section */
		E2DE07DE1CCEF2D000EC943E /* main.m in Sources */ = {isa = PBXBuildFile; fileRef = E2DE07DD1CCEF2D000EC943E /* main.m */; };
		E2DE07E61CCEF37400EC943E /* load.c in Sources */ = {isa = PBXBuildFile; fileRef = E2DE07E41CCEF37400EC943E /* load.c */; };
		E2DE07E91CCEF46B00EC943E /* Solver.c in Sources */ = {isa = PBXBuildFile; fileRef = E2DE07E71CCEF46B00EC943E /* Solver.c */; };
/* End PBXBuildFile section */

/* Begin PBXCopyFilesBuildPhase section */
		E2DE07D81CCEF2D000EC943E /* CopyFiles */ = {
			isa = PBXCopyFilesBuildPhase;
			buildActionMask = 2147483647;
			dstPath = /usr/share/man/man1/;
			dstSubfolderSpec = 0;
			files = (
			);
			runOnlyForDeploymentPostprocessing = 1;
		};
/* End PBXCopyFilesBuildPhase section */

/* Begin PBXFileReference section */
		E2DE07DA1CCEF2D000EC943E /* EASYABC */ = {isa = PBXFileReference; explicitFileType = "compiled.mach-o.executable"; includeInIndex = 0; path = EASYABC; sourceTree = BUILT_PRODUCTS_DIR; };
		E2DE07DD1CCEF2D000EC943E /* main.m */ = {isa = PBXFileReference; lastKnownFileType = sourcecode.c.objc; path = main.m; sourceTree = "<group>"; };
		E2DE07E41CCEF37400EC943E /* load.c */ = {isa = PBXFileReference; fileEncoding = 4; lastKnownFileType = sourcecode.c.c; path = load.c; sourceTree = "<group>"; };
		E2DE07E51CCEF37400EC943E /* load.h */ = {isa = PBXFileReference; fileEncoding = 4; lastKnownFileType = sourcecode.c.h; path = load.h; sourceTree = "<group>"; };
		E2DE07E71CCEF46B00EC943E /* Solver.c */ = {isa = PBXFileReference; fileEncoding = 4; lastKnownFileType = sourcecode.c.c; path = Solver.c; sourceTree = "<group>"; };
		E2DE07E81CCEF46B00EC943E /* Solver.h */ = {isa = PBXFileReference; fileEncoding = 4; lastKnownFileType = sourcecode.c.h; path = Solver.h; sourceTree = "<group>"; };
/* End PBXFileReference section */

/* Begin PBXFrameworksBuildPhase section */
		E2DE07D71CCEF2D000EC943E /* Frameworks */ = {
			isa = PBXFrameworksBuildPhase;
			buildActionMask = 2147483647;
			files = (
			);
			runOnlyForDeploymentPostprocessing = 0;
		};
/* End PBXFrameworksBuildPhase section */

/* Begin PBXGroup section */
		E2DE07D11CCEF2D000EC943E = {
			isa = PBXGroup;
			children = (
				E2DE07E71CCEF46B00EC943E /* Solver.c */,
				E2DE07E81CCEF46B00EC943E /* Solver.h */,
				E2DE07E41CCEF37400EC943E /* load.c */,
				E2DE07E51CCEF37400EC943E /* load.h */,
				E2DE07DC1CCEF2D000EC943E /* EASYABC */,
				E2DE07DB1CCEF2D000EC943E /* Products */,
			);
			sourceTree = "<group>";
		};
		E2DE07DB1CCEF2D000EC943E /* Products */ = {
			isa = PBXGroup;
			children = (
				E2DE07DA1CCEF2D000EC943E /* EASYABC */,
			);
			name = Products;
			sourceTree = "<group>";
		};
		E2DE07DC1CCEF2D000EC943E /* EASYABC */ = {
			isa = PBXGroup;
			children = (
				E2DE07DD1CCEF2D000EC943E /* main.m */,
			);
			path = EASYABC;
			sourceTree = "<group>";
		};
/* End PBXGroup section */

/* Begin PBXNativeTarget section */
		E2DE07D91CCEF2D000EC943E /* EASYABC */ = {
			isa = PBXNativeTarget;
			buildConfigurationList = E2DE07E11CCEF2D000EC943E /* Build configuration list for PBXNativeTarget "EASYABC" */;
			buildPhases = (
				E2DE07D61CCEF2D000EC943E /* Sources */,
				E2DE07D71CCEF2D000EC943E /* Frameworks */,
				E2DE07D81CCEF2D000EC943E /* CopyFiles */,
			);
			buildRules = (
			);
			dependencies = (
			);
			name = EASYABC;
			productName = EASYABC;
			productReference = E2DE07DA1CCEF2D000EC943E /* EASYABC */;
			productType = "com.apple.product-type.tool";
		};
/* End PBXNativeTarget section */

/* Begin PBXProject section */
		E2DE07D21CCEF2D000EC943E /* Project object */ = {
			isa = PBXProject;
			attributes = {
				LastUpgradeCheck = 0730;
				ORGANIZATIONNAME = "Chris Benka";
				TargetAttributes = {
					E2DE07D91CCEF2D000EC943E = {
						CreatedOnToolsVersion = 7.3;
					};
				};
			};
			buildConfigurationList = E2DE07D51CCEF2D000EC943E /* Build configuration list for PBXProject "EASYABC" */;
			compatibilityVersion = "Xcode 3.2";
			developmentRegion = English;
			hasScannedForEncodings = 0;
			knownRegions = (
				en,
			);
			mainGroup = E2DE07D11CCEF2D000EC943E;
			productRefGroup = E2DE07DB1CCEF2D000EC943E /* Products */;
			projectDirPath = "";
			projectRoot = "";
			targets = (
				E2DE07D91CCEF2D000EC943E /* EASYABC */,
			);
		};
/* End PBXProject section */

/* Begin PBXSourcesBuildPhase section */
		E2DE07D61CCEF2D000EC943E /* Sources */ = {
			isa = PBXSourcesBuildPhase;
			buildActionMask = 2147483647;
			files = (
				E2DE07DE1CCEF2D000EC943E /* main.m in Sources */,
				E2DE07E61CCEF37400EC943E /* load.c in Sources */,
				E2DE07E91CCEF46B00EC943E /* Solver.c in Sources */,
			);
			runOnlyForDeploymentPostprocessing = 0;
		};
/* End PBXSourcesBuildPhase section */

/* Begin XCBuildConfiguration section */
		E2DE07DF1CCEF2D000EC943E /* Debug */ = {
			isa = XCBuildConfiguration;
			buildSettings = {
				ALWAYS_SEARCH_USER_PATHS = NO;
				CLANG_ANALYZER_NONNULL = YES;
				CLANG_CXX_LANGUAGE_STANDARD = "gnu++0x";
				CLANG_CXX_LIBRARY = "libc++";
				CLANG_ENABLE_MODULES = YES;
				CLANG_ENABLE_OBJC_ARC = YES;
				CLANG_WARN_BOOL_CONVERSION = YES;
				CLANG_WARN_CONSTANT_CONVERSION = YES;
				CLANG_WARN_DIRECT_OBJC_ISA_USAGE = YES_ERROR;
				CLANG_WARN_EMPTY_BODY = YES;
				CLANG_WARN_ENUM_CONVERSION = YES;
				CLANG_WARN_INT_CONVERSION = YES;
				CLANG_WARN_OBJC_ROOT_CLASS = YES_ERROR;
				CLANG_WARN_UNREACHABLE_CODE = YES;
				CLANG_WARN__DUPLICATE_METHOD_MATCH = YES;
				CODE_SIGN_IDENTITY = "-";
				COPY_PHASE_STRIP = NO;
				DEBUG_INFORMATION_FORMAT = dwarf;
				ENABLE_STRICT_OBJC_MSGSEND = YES;
				ENABLE_TESTABILITY = YES;
				GCC_C_LANGUAGE_STANDARD = gnu99;
				GCC_DYNAMIC_NO_PIC = NO;
				GCC_NO_COMMON_BLOCKS = YES;
				GCC_OPTIMIZATION_LEVEL = 0;
				GCC_PREPROCESSOR_DEFINITIONS = (
					"DEBUG=1",
					"$(inherited)",
				);
				GCC_WARN_64_TO_32_BIT_CONVERSION = YES;
				GCC_WARN_ABOUT_RETURN_TYPE = YES_ERROR;
				GCC_WARN_UNDECLARED_SELECTOR = YES;
				GCC_WARN_UNINITIALIZED_AUTOS = YES_AGGRESSIVE;
				GCC_WARN_UNUSED_FUNCTION = YES;
				GCC_WARN_UNUSED_VARIABLE = YES;
				MACOSX_DEPLOYMENT_TARGET = 10.11;
				MTL_ENABLE_DEBUG_INFO = YES;
				ONLY_ACTIVE_ARCH = YES;
				SDKROOT = macosx;
			};
			name = Debug;
		};
		E2DE07E01CCEF2D000EC943E /* Release */ = {
			isa = XCBuildConfiguration;
			buildSettings = {
				ALWAYS_SEARCH_USER_PATHS = NO;
				CLANG_ANALYZER_NONNULL = YES;
				CLANG_CXX_LANGUAGE_STANDARD = "gnu++0x";
				CLANG_CXX_LIBRARY = "libc++";
				CLANG_ENABLE_MODULES = YES;
				CLANG_ENABLE_OBJC_ARC = YES;
				CLANG_WARN_BOOL_CONVERSION = YES;
				CLANG_WARN_CONSTANT_CONVERSION = YES;
				CLANG_WARN_DIRECT_OBJC_ISA_USAGE = YES_ERROR;
				CLANG_WARN_EMPTY_BODY = YES;
				CLANG_WARN_ENUM_CONVERSION = YES;
				CLANG_WARN_INT_CONVERSION = YES;
				CLANG_WARN_OBJC_ROOT_CLASS = YES_ERROR;
				CLANG_WARN_UNREACHABLE_CODE = YES;
				CLANG_WARN__DUPLICATE_METHOD_MATCH = YES;
				CODE_SIGN_IDENTITY = "-";
				COPY_PHASE_STRIP = NO;
				DEBUG_INFORMATION_FORMAT = "dwarf-with-dsym";
				ENABLE_NS_ASSERTIONS = NO;
				ENABLE_STRICT_OBJC_MSGSEND = YES;
				GCC_C_LANGUAGE_STANDARD = gnu99;
				GCC_NO_COMMON_BLOCKS = YES;
				GCC_WARN_64_TO_32_BIT_CONVERSION = YES;
				GCC_WARN_ABOUT_RETURN_TYPE = YES_ERROR;
				GCC_WARN_UNDECLARED_SELECTOR = YES;
				GCC_WARN_UNINITIALIZED_AUTOS = YES_AGGRESSIVE;
				GCC_WARN_UNUSED_FUNCTION = YES;
				GCC_WARN_UNUSED_VARIABLE = YES;
				MACOSX_DEPLOYMENT_TARGET = 10.11;
				MTL_ENABLE_DEBUG_INFO = NO;
				SDKROOT = macosx;
			};
			name = Release;
		};
		E2DE07E21CCEF2D000EC943E /* Debug */ = {
			isa = XCBuildConfiguration;
			buildSettings = {
				PRODUCT_NAME = "$(TARGET_NAME)";
			};
			name = Debug;
		};
		E2DE07E31CCEF2D000EC943E /* Release */ = {
			isa = XCBuildConfiguration;
			buildSettings = {
				PRODUCT_NAME = "$(TARGET_NAME)";
			};
			name = Release;
		};
/* End XCBuildConfiguration section */

/* Begin XCConfigurationList section */
		E2DE07D51CCEF2D000EC943E /* Build configuration list for PBXProject "EASYABC" */ = {
			isa = XCConfigurationList;
			buildConfigurations = (
				E2DE07DF1CCEF2D000EC943E /* Debug */,
				E2DE07E01CCEF2D000EC943E /* Release */,
			);
			defaultConfigurationIsVisible = 0;
			defaultConfigurationName = Release;
		};
		E2DE07E11CCEF2D000EC943E /* Build configuration list for PBXNativeTarget "EASYABC" */ = {
			isa = XCConfigurationList;
			buildConfigurations = (
				E2DE07E21CCEF2D000EC943E /* Debug */,
				E2DE07E31CCEF2D000EC943E /* Release */,
			);
			defaultConfigurationIsVisible = 0;
			defaultConfigurationName = Release;
		};
/* End XCConfigurationList section */
	};
	rootObject = E2DE07D21CCEF2D000EC943E /* Project object */;
}
